
Microsoft Visual Studio Solution File, Format Version 12.00
# Visual Studio Version 17
VisualStudioVersion = 17.5.002.0
MinimumVisualStudioVersion = 10.0.40219.1
Project("{9A19103F-16F7-4668-BE54-9A1E7A4F7556}") = "smartphone", "smartphone.csproj", "{FF9BD014-CFE1-458B-8F5B-3496A4808F84}"
EndProject
Global
	GlobalSection(SolutionConfigurationPlatforms) = preSolution
		Debug|Any CPU = Debug|Any CPU
		Release|Any CPU = Release|Any CPU
	EndGlobalSection
	GlobalSection(ProjectConfigurationPlatforms) = postSolution
		{FF9BD014-CFE1-458B-8F5B-3496A4808F84}.Debug|Any CPU.ActiveCfg = Debug|Any CPU
		{FF9BD014-CFE1-458B-8F5B-3496A4808F84}.Debug|Any CPU.Build.0 = Debug|Any CPU
		{FF9BD014-CFE1-458B-8F5B-3496A4808F84}.Release|Any CPU.ActiveCfg = Release|Any CPU
		{FF9BD014-CFE1-458B-8F5B-3496A4808F84}.Release|Any CPU.Build.0 = Release|Any CPU
	EndGlobalSection
	GlobalSection(SolutionProperties) = preSolution
		HideSolutionNode = FALSE
	EndGlobalSection
	GlobalSection(ExtensibilityGlobals) = postSolution
		SolutionGuid = {93264470-3E98-47E6-8E76-02696E3702D0}
	EndGlobalSection
EndGlobal
